
Microsoft Visual Studio Solution File, Format Version 12.00
# Visual Studio 15
VisualStudioVersion = 15.0.28307.438
MinimumVisualStudioVersion = 10.0.40219.1
Project("{888888A0-9F3D-457C-B088-3A5042F75D52}") = "LegalAggregator", "LegalAggregator\LegalAggregator.pyproj", "{1E4E0CE0-0169-4B2F-9A15-617CE4FAB05D}"
EndProject
Project("{E24C65DC-7377-472B-9ABA-BC803B73C61A}") = "LegalAggregatorAdmin", "LegalAggregatorAdmin\", "{13F6BD01-21BA-4B6D-8A4A-9E11351A81C8}"
	ProjectSection(WebsiteProperties) = preProject
		TargetFrameworkMoniker = ".NETFramework,Version%3Dv4.0"
		Debug.AspNetCompiler.VirtualPath = "/localhost_61415"
		Debug.AspNetCompiler.PhysicalPath = "LegalAggregatorAdmin\"
		Debug.AspNetCompiler.TargetPath = "PrecompiledWeb\localhost_61415\"
		Debug.AspNetCompiler.Updateable = "true"
		Debug.AspNetCompiler.ForceOverwrite = "true"
		Debug.AspNetCompiler.FixedNames = "false"
		Debug.AspNetCompiler.Debug = "True"
		Release.AspNetCompiler.VirtualPath = "/localhost_61415"
		Release.AspNetCompiler.PhysicalPath = "LegalAggregatorAdmin\"
		Release.AspNetCompiler.TargetPath = "PrecompiledWeb\localhost_61415\"
		Release.AspNetCompiler.Updateable = "true"
		Release.AspNetCompiler.ForceOverwrite = "true"
		Release.AspNetCompiler.FixedNames = "false"
		Release.AspNetCompiler.Debug = "False"
		VWDPort = "61415"
		SlnRelativePath = "LegalAggregatorAdmin\"
	EndProjectSection
EndProject
Project("{E24C65DC-7377-472B-9ABA-BC803B73C61A}") = "LegalAggregatorWebsite", "LegalAggregatorWebsite\", "{E2824DE1-611A-4FDC-B9D3-D874CBF2DC78}"
	ProjectSection(WebsiteProperties) = preProject
		TargetFrameworkMoniker = ".NETFramework,Version%3Dv4.0"
		Debug.AspNetCompiler.VirtualPath = "/localhost_50433"
		Debug.AspNetCompiler.PhysicalPath = "LegalAggregatorWebsite\"
		Debug.AspNetCompiler.TargetPath = "PrecompiledWeb\localhost_50433\"
		Debug.AspNetCompiler.Updateable = "true"
		Debug.AspNetCompiler.ForceOverwrite = "true"
		Debug.AspNetCompiler.FixedNames = "false"
		Debug.AspNetCompiler.Debug = "True"
		Release.AspNetCompiler.VirtualPath = "/localhost_50433"
		Release.AspNetCompiler.PhysicalPath = "LegalAggregatorWebsite\"
		Release.AspNetCompiler.TargetPath = "PrecompiledWeb\localhost_50433\"
		Release.AspNetCompiler.Updateable = "true"
		Release.AspNetCompiler.ForceOverwrite = "true"
		Release.AspNetCompiler.FixedNames = "false"
		Release.AspNetCompiler.Debug = "False"
		VWDPort = "50433"
		SlnRelativePath = "LegalAggregatorWebsite\"
	EndProjectSection
EndProject
Global
	GlobalSection(SolutionConfigurationPlatforms) = preSolution
		Debug|Any CPU = Debug|Any CPU
		Release|Any CPU = Release|Any CPU
	EndGlobalSection
	GlobalSection(ProjectConfigurationPlatforms) = postSolution
		{1E4E0CE0-0169-4B2F-9A15-617CE4FAB05D}.Debug|Any CPU.ActiveCfg = Debug|Any CPU
		{1E4E0CE0-0169-4B2F-9A15-617CE4FAB05D}.Release|Any CPU.ActiveCfg = Release|Any CPU
		{13F6BD01-21BA-4B6D-8A4A-9E11351A81C8}.Debug|Any CPU.ActiveCfg = Debug|Any CPU
		{13F6BD01-21BA-4B6D-8A4A-9E11351A81C8}.Debug|Any CPU.Build.0 = Debug|Any CPU
		{13F6BD01-21BA-4B6D-8A4A-9E11351A81C8}.Release|Any CPU.ActiveCfg = Debug|Any CPU
		{13F6BD01-21BA-4B6D-8A4A-9E11351A81C8}.Release|Any CPU.Build.0 = Debug|Any CPU
		{E2824DE1-611A-4FDC-B9D3-D874CBF2DC78}.Debug|Any CPU.ActiveCfg = Debug|Any CPU
		{E2824DE1-611A-4FDC-B9D3-D874CBF2DC78}.Debug|Any CPU.Build.0 = Debug|Any CPU
		{E2824DE1-611A-4FDC-B9D3-D874CBF2DC78}.Release|Any CPU.ActiveCfg = Debug|Any CPU
		{E2824DE1-611A-4FDC-B9D3-D874CBF2DC78}.Release|Any CPU.Build.0 = Debug|Any CPU
	EndGlobalSection
	GlobalSection(SolutionProperties) = preSolution
		HideSolutionNode = FALSE
	EndGlobalSection
	GlobalSection(ExtensibilityGlobals) = postSolution
		SolutionGuid = {1DA28B79-6CC4-4A83-8D74-2C4B61612115}
	EndGlobalSection
EndGlobal
