
Microsoft Visual Studio Solution File, Format Version 12.00
# Visual Studio 15
VisualStudioVersion = 15.0.28307.438
MinimumVisualStudioVersion = 10.0.40219.1
Project("{888888A0-9F3D-457C-B088-3A5042F75D52}") = "LegalAggregator", "LegalAggregator\LegalAggregator.pyproj", "{1E4E0CE0-0169-4B2F-9A15-617CE4FAB05D}"
EndProject
Global
	GlobalSection(SolutionConfigurationPlatforms) = preSolution
		Debug|Any CPU = Debug|Any CPU
		Release|Any CPU = Release|Any CPU
	EndGlobalSection
	GlobalSection(ProjectConfigurationPlatforms) = postSolution
		{1E4E0CE0-0169-4B2F-9A15-617CE4FAB05D}.Debug|Any CPU.ActiveCfg = Debug|Any CPU
		{1E4E0CE0-0169-4B2F-9A15-617CE4FAB05D}.Release|Any CPU.ActiveCfg = Release|Any CPU
	EndGlobalSection
	GlobalSection(SolutionProperties) = preSolution
		HideSolutionNode = FALSE
	EndGlobalSection
	GlobalSection(ExtensibilityGlobals) = postSolution
		SolutionGuid = {1DA28B79-6CC4-4A83-8D74-2C4B61612115}
	EndGlobalSection
EndGlobal
